
Microsoft Visual Studio Solution File, Format Version 12.00
# Visual Studio Version 16
VisualStudioVersion = 16.0.31702.278
MinimumVisualStudioVersion = 10.0.40219.1
Project("{FAE04EC0-301F-11D3-BF4B-00C04F79EFBC}") = "ExceptionExercise", "ExceptionExercise\ExceptionExercise.csproj", "{71AAEA9F-643E-40BA-A5D6-9D21480BCC8A}"
EndProject
Global
	GlobalSection(SolutionConfigurationPlatforms) = preSolution
		Debug|Any CPU = Debug|Any CPU
		Release|Any CPU = Release|Any CPU
	EndGlobalSection
	GlobalSection(ProjectConfigurationPlatforms) = postSolution
		{71AAEA9F-643E-40BA-A5D6-9D21480BCC8A}.Debug|Any CPU.ActiveCfg = Debug|Any CPU
		{71AAEA9F-643E-40BA-A5D6-9D21480BCC8A}.Debug|Any CPU.Build.0 = Debug|Any CPU
		{71AAEA9F-643E-40BA-A5D6-9D21480BCC8A}.Release|Any CPU.ActiveCfg = Release|Any CPU
		{71AAEA9F-643E-40BA-A5D6-9D21480BCC8A}.Release|Any CPU.Build.0 = Release|Any CPU
	EndGlobalSection
	GlobalSection(SolutionProperties) = preSolution
		HideSolutionNode = FALSE
	EndGlobalSection
	GlobalSection(ExtensibilityGlobals) = postSolution
		SolutionGuid = {DB46C11B-A078-496C-9C09-7222029C8EB6}
	EndGlobalSection
EndGlobal
