
Microsoft Visual Studio Solution File, Format Version 12.00
# Visual Studio Version 16
VisualStudioVersion = 16.0.31702.278
MinimumVisualStudioVersion = 10.0.40219.1
Project("{FAE04EC0-301F-11D3-BF4B-00C04F79EFBC}") = "WhileLoop", "WhileLoop\WhileLoop.csproj", "{758F49E1-89DD-4026-BB4F-15EA4C93E7CF}"
EndProject
Global
	GlobalSection(SolutionConfigurationPlatforms) = preSolution
		Debug|Any CPU = Debug|Any CPU
		Release|Any CPU = Release|Any CPU
	EndGlobalSection
	GlobalSection(ProjectConfigurationPlatforms) = postSolution
		{758F49E1-89DD-4026-BB4F-15EA4C93E7CF}.Debug|Any CPU.ActiveCfg = Debug|Any CPU
		{758F49E1-89DD-4026-BB4F-15EA4C93E7CF}.Debug|Any CPU.Build.0 = Debug|Any CPU
		{758F49E1-89DD-4026-BB4F-15EA4C93E7CF}.Release|Any CPU.ActiveCfg = Release|Any CPU
		{758F49E1-89DD-4026-BB4F-15EA4C93E7CF}.Release|Any CPU.Build.0 = Release|Any CPU
	EndGlobalSection
	GlobalSection(SolutionProperties) = preSolution
		HideSolutionNode = FALSE
	EndGlobalSection
	GlobalSection(ExtensibilityGlobals) = postSolution
		SolutionGuid = {09AC21D6-E37F-44CC-BF2D-6ECE901F867D}
	EndGlobalSection
EndGlobal
