
Microsoft Visual Studio Solution File, Format Version 12.00
# Visual Studio Version 16
VisualStudioVersion = 16.0.31702.278
MinimumVisualStudioVersion = 10.0.40219.1
Project("{FAE04EC0-301F-11D3-BF4B-00C04F79EFBC}") = "Yeucau_3", "Yeucau_3\Yeucau_3.csproj", "{F48DD12F-18EF-4825-BBDD-2140643D0139}"
EndProject
Global
	GlobalSection(SolutionConfigurationPlatforms) = preSolution
		Debug|Any CPU = Debug|Any CPU
		Release|Any CPU = Release|Any CPU
	EndGlobalSection
	GlobalSection(ProjectConfigurationPlatforms) = postSolution
		{F48DD12F-18EF-4825-BBDD-2140643D0139}.Debug|Any CPU.ActiveCfg = Debug|Any CPU
		{F48DD12F-18EF-4825-BBDD-2140643D0139}.Debug|Any CPU.Build.0 = Debug|Any CPU
		{F48DD12F-18EF-4825-BBDD-2140643D0139}.Release|Any CPU.ActiveCfg = Release|Any CPU
		{F48DD12F-18EF-4825-BBDD-2140643D0139}.Release|Any CPU.Build.0 = Release|Any CPU
	EndGlobalSection
	GlobalSection(SolutionProperties) = preSolution
		HideSolutionNode = FALSE
	EndGlobalSection
	GlobalSection(ExtensibilityGlobals) = postSolution
		SolutionGuid = {C9E50AE0-3C24-4C12-B4C7-D229CFF4697A}
	EndGlobalSection
EndGlobal
