
Microsoft Visual Studio Solution File, Format Version 12.00
# Visual Studio Version 16
VisualStudioVersion = 16.0.31702.278
MinimumVisualStudioVersion = 10.0.40219.1
Project("{FAE04EC0-301F-11D3-BF4B-00C04F79EFBC}") = "ParamsExercise", "ParamsExercise\ParamsExercise.csproj", "{5456B243-54A9-46AC-9051-6C7246C349EE}"
EndProject
Global
	GlobalSection(SolutionConfigurationPlatforms) = preSolution
		Debug|Any CPU = Debug|Any CPU
		Release|Any CPU = Release|Any CPU
	EndGlobalSection
	GlobalSection(ProjectConfigurationPlatforms) = postSolution
		{5456B243-54A9-46AC-9051-6C7246C349EE}.Debug|Any CPU.ActiveCfg = Debug|Any CPU
		{5456B243-54A9-46AC-9051-6C7246C349EE}.Debug|Any CPU.Build.0 = Debug|Any CPU
		{5456B243-54A9-46AC-9051-6C7246C349EE}.Release|Any CPU.ActiveCfg = Release|Any CPU
		{5456B243-54A9-46AC-9051-6C7246C349EE}.Release|Any CPU.Build.0 = Release|Any CPU
	EndGlobalSection
	GlobalSection(SolutionProperties) = preSolution
		HideSolutionNode = FALSE
	EndGlobalSection
	GlobalSection(ExtensibilityGlobals) = postSolution
		SolutionGuid = {802C93E9-763E-43A6-A558-13E92D744708}
	EndGlobalSection
EndGlobal
