
Microsoft Visual Studio Solution File, Format Version 12.00
# Visual Studio Version 16
VisualStudioVersion = 16.0.31702.278
MinimumVisualStudioVersion = 10.0.40219.1
Project("{FAE04EC0-301F-11D3-BF4B-00C04F79EFBC}") = "Caculator", "Caculator\Caculator.csproj", "{1D66C6B7-F16F-4039-80AD-4CF20EBC0335}"
EndProject
Global
	GlobalSection(SolutionConfigurationPlatforms) = preSolution
		Debug|Any CPU = Debug|Any CPU
		Release|Any CPU = Release|Any CPU
	EndGlobalSection
	GlobalSection(ProjectConfigurationPlatforms) = postSolution
		{1D66C6B7-F16F-4039-80AD-4CF20EBC0335}.Debug|Any CPU.ActiveCfg = Debug|Any CPU
		{1D66C6B7-F16F-4039-80AD-4CF20EBC0335}.Debug|Any CPU.Build.0 = Debug|Any CPU
		{1D66C6B7-F16F-4039-80AD-4CF20EBC0335}.Release|Any CPU.ActiveCfg = Release|Any CPU
		{1D66C6B7-F16F-4039-80AD-4CF20EBC0335}.Release|Any CPU.Build.0 = Release|Any CPU
	EndGlobalSection
	GlobalSection(SolutionProperties) = preSolution
		HideSolutionNode = FALSE
	EndGlobalSection
	GlobalSection(ExtensibilityGlobals) = postSolution
		SolutionGuid = {17F279E0-AF65-433B-9272-2A3BAE1A697A}
	EndGlobalSection
EndGlobal
