
Microsoft Visual Studio Solution File, Format Version 12.00
# Visual Studio Version 16
VisualStudioVersion = 16.0.31702.278
MinimumVisualStudioVersion = 10.0.40219.1
Project("{FAE04EC0-301F-11D3-BF4B-00C04F79EFBC}") = "E", "E\E.csproj", "{B07968CE-D908-4CA8-A4DB-F3F649BD5C79}"
EndProject
Global
	GlobalSection(SolutionConfigurationPlatforms) = preSolution
		Debug|Any CPU = Debug|Any CPU
		Release|Any CPU = Release|Any CPU
	EndGlobalSection
	GlobalSection(ProjectConfigurationPlatforms) = postSolution
		{B07968CE-D908-4CA8-A4DB-F3F649BD5C79}.Debug|Any CPU.ActiveCfg = Debug|Any CPU
		{B07968CE-D908-4CA8-A4DB-F3F649BD5C79}.Debug|Any CPU.Build.0 = Debug|Any CPU
		{B07968CE-D908-4CA8-A4DB-F3F649BD5C79}.Release|Any CPU.ActiveCfg = Release|Any CPU
		{B07968CE-D908-4CA8-A4DB-F3F649BD5C79}.Release|Any CPU.Build.0 = Release|Any CPU
	EndGlobalSection
	GlobalSection(SolutionProperties) = preSolution
		HideSolutionNode = FALSE
	EndGlobalSection
	GlobalSection(ExtensibilityGlobals) = postSolution
		SolutionGuid = {AE7FF1FE-AD23-45F6-A2A2-F1BEB38F233B}
	EndGlobalSection
EndGlobal
