
Microsoft Visual Studio Solution File, Format Version 12.00
# Visual Studio Version 16
VisualStudioVersion = 16.0.31702.278
MinimumVisualStudioVersion = 10.0.40219.1
Project("{FAE04EC0-301F-11D3-BF4B-00C04F79EFBC}") = "Employee", "Employee\Employee.csproj", "{CAF7269C-50AC-46B4-B8ED-C783835476A4}"
EndProject
Global
	GlobalSection(SolutionConfigurationPlatforms) = preSolution
		Debug|Any CPU = Debug|Any CPU
		Release|Any CPU = Release|Any CPU
	EndGlobalSection
	GlobalSection(ProjectConfigurationPlatforms) = postSolution
		{CAF7269C-50AC-46B4-B8ED-C783835476A4}.Debug|Any CPU.ActiveCfg = Debug|Any CPU
		{CAF7269C-50AC-46B4-B8ED-C783835476A4}.Debug|Any CPU.Build.0 = Debug|Any CPU
		{CAF7269C-50AC-46B4-B8ED-C783835476A4}.Release|Any CPU.ActiveCfg = Release|Any CPU
		{CAF7269C-50AC-46B4-B8ED-C783835476A4}.Release|Any CPU.Build.0 = Release|Any CPU
	EndGlobalSection
	GlobalSection(SolutionProperties) = preSolution
		HideSolutionNode = FALSE
	EndGlobalSection
	GlobalSection(ExtensibilityGlobals) = postSolution
		SolutionGuid = {FE670AB6-7FF6-48DB-A95E-439B91FA3A07}
	EndGlobalSection
EndGlobal
