
Microsoft Visual Studio Solution File, Format Version 12.00
# Visual Studio Version 16
VisualStudioVersion = 16.0.31702.278
MinimumVisualStudioVersion = 10.0.40219.1
Project("{FAE04EC0-301F-11D3-BF4B-00C04F79EFBC}") = "NestedLoop", "NestedLoop\NestedLoop.csproj", "{EA1B9DC5-8531-4194-82ED-B9BBE852994F}"
EndProject
Global
	GlobalSection(SolutionConfigurationPlatforms) = preSolution
		Debug|Any CPU = Debug|Any CPU
		Release|Any CPU = Release|Any CPU
	EndGlobalSection
	GlobalSection(ProjectConfigurationPlatforms) = postSolution
		{EA1B9DC5-8531-4194-82ED-B9BBE852994F}.Debug|Any CPU.ActiveCfg = Debug|Any CPU
		{EA1B9DC5-8531-4194-82ED-B9BBE852994F}.Debug|Any CPU.Build.0 = Debug|Any CPU
		{EA1B9DC5-8531-4194-82ED-B9BBE852994F}.Release|Any CPU.ActiveCfg = Release|Any CPU
		{EA1B9DC5-8531-4194-82ED-B9BBE852994F}.Release|Any CPU.Build.0 = Release|Any CPU
	EndGlobalSection
	GlobalSection(SolutionProperties) = preSolution
		HideSolutionNode = FALSE
	EndGlobalSection
	GlobalSection(ExtensibilityGlobals) = postSolution
		SolutionGuid = {8848A361-1484-457B-A94E-DF6847B9573F}
	EndGlobalSection
EndGlobal
