
Microsoft Visual Studio Solution File, Format Version 12.00
# Visual Studio Version 16
VisualStudioVersion = 16.0.31702.278
MinimumVisualStudioVersion = 10.0.40219.1
Project("{FAE04EC0-301F-11D3-BF4B-00C04F79EFBC}") = "ParamsKeyword", "ParamsKeyword\ParamsKeyword.csproj", "{CFD673F8-384F-41B9-A420-EF8E92B5A388}"
EndProject
Global
	GlobalSection(SolutionConfigurationPlatforms) = preSolution
		Debug|Any CPU = Debug|Any CPU
		Release|Any CPU = Release|Any CPU
	EndGlobalSection
	GlobalSection(ProjectConfigurationPlatforms) = postSolution
		{CFD673F8-384F-41B9-A420-EF8E92B5A388}.Debug|Any CPU.ActiveCfg = Debug|Any CPU
		{CFD673F8-384F-41B9-A420-EF8E92B5A388}.Debug|Any CPU.Build.0 = Debug|Any CPU
		{CFD673F8-384F-41B9-A420-EF8E92B5A388}.Release|Any CPU.ActiveCfg = Release|Any CPU
		{CFD673F8-384F-41B9-A420-EF8E92B5A388}.Release|Any CPU.Build.0 = Release|Any CPU
	EndGlobalSection
	GlobalSection(SolutionProperties) = preSolution
		HideSolutionNode = FALSE
	EndGlobalSection
	GlobalSection(ExtensibilityGlobals) = postSolution
		SolutionGuid = {75603D88-D27D-4370-A432-3C0893A36F8F}
	EndGlobalSection
EndGlobal
