
Microsoft Visual Studio Solution File, Format Version 12.00
# Visual Studio Version 16
VisualStudioVersion = 16.0.31702.278
MinimumVisualStudioVersion = 10.0.40219.1
Project("{FAE04EC0-301F-11D3-BF4B-00C04F79EFBC}") = "FoorLoop", "FoorLoop\FoorLoop.csproj", "{711802BD-6382-4FDA-B9D0-133255F8FFB2}"
EndProject
Global
	GlobalSection(SolutionConfigurationPlatforms) = preSolution
		Debug|Any CPU = Debug|Any CPU
		Release|Any CPU = Release|Any CPU
	EndGlobalSection
	GlobalSection(ProjectConfigurationPlatforms) = postSolution
		{711802BD-6382-4FDA-B9D0-133255F8FFB2}.Debug|Any CPU.ActiveCfg = Debug|Any CPU
		{711802BD-6382-4FDA-B9D0-133255F8FFB2}.Debug|Any CPU.Build.0 = Debug|Any CPU
		{711802BD-6382-4FDA-B9D0-133255F8FFB2}.Release|Any CPU.ActiveCfg = Release|Any CPU
		{711802BD-6382-4FDA-B9D0-133255F8FFB2}.Release|Any CPU.Build.0 = Release|Any CPU
	EndGlobalSection
	GlobalSection(SolutionProperties) = preSolution
		HideSolutionNode = FALSE
	EndGlobalSection
	GlobalSection(ExtensibilityGlobals) = postSolution
		SolutionGuid = {3B9C4661-CCD1-4CC3-91C7-82337B631D9C}
	EndGlobalSection
EndGlobal
